
Microsoft Visual Studio Solution File, Format Version 12.00
# Visual Studio Version 17
VisualStudioVersion = 17.7.34018.315
MinimumVisualStudioVersion = 10.0.40219.1
Project("{FAE04EC0-301F-11D3-BF4B-00C04F79EFBC}") = "NBA_Player_Awards", "NBA_Player_Awards.csproj", "{5AC75988-6534-4994-B422-1C04C3278B68}"
EndProject
Global
	GlobalSection(SolutionConfigurationPlatforms) = preSolution
		Debug|Any CPU = Debug|Any CPU
		Release|Any CPU = Release|Any CPU
	EndGlobalSection
	GlobalSection(ProjectConfigurationPlatforms) = postSolution
		{5AC75988-6534-4994-B422-1C04C3278B68}.Debug|Any CPU.ActiveCfg = Debug|Any CPU
		{5AC75988-6534-4994-B422-1C04C3278B68}.Debug|Any CPU.Build.0 = Debug|Any CPU
		{5AC75988-6534-4994-B422-1C04C3278B68}.Release|Any CPU.ActiveCfg = Release|Any CPU
		{5AC75988-6534-4994-B422-1C04C3278B68}.Release|Any CPU.Build.0 = Release|Any CPU
	EndGlobalSection
	GlobalSection(SolutionProperties) = preSolution
		HideSolutionNode = FALSE
	EndGlobalSection
	GlobalSection(ExtensibilityGlobals) = postSolution
		SolutionGuid = {9B83DE04-CDD6-4EF8-9A12-575074D5453E}
	EndGlobalSection
EndGlobal
